Microsoft Visual Studio Solution File, Format Version 12.00
# Visual Studio Version 17
VisualStudioVersion = 17.5.2.0
MinimumVisualStudioVersion = 10.0.40219.1
Project("{FAE04EC0-301F-11D3-BF4B-00C04F79EFBC}") = "dotnet-todolist-api", "dotnet-todolist-api.csproj", "{5C1F2E9E-63D2-D54B-E3C9-F973FBE2D153}"
EndProject
Global
	GlobalSection(SolutionConfigurationPlatforms) = preSolution
		Debug|Any CPU = Debug|Any CPU
		Release|Any CPU = Release|Any CPU
	EndGlobalSection
	GlobalSection(ProjectConfigurationPlatforms) = postSolution
		{5C1F2E9E-63D2-D54B-E3C9-F973FBE2D153}.Debug|Any CPU.ActiveCfg = Debug|Any CPU
		{5C1F2E9E-63D2-D54B-E3C9-F973FBE2D153}.Debug|Any CPU.Build.0 = Debug|Any CPU
		{5C1F2E9E-63D2-D54B-E3C9-F973FBE2D153}.Release|Any CPU.ActiveCfg = Release|Any CPU
		{5C1F2E9E-63D2-D54B-E3C9-F973FBE2D153}.Release|Any CPU.Build.0 = Release|Any CPU
	EndGlobalSection
	GlobalSection(SolutionProperties) = preSolution
		HideSolutionNode = FALSE
	EndGlobalSection
	GlobalSection(ExtensibilityGlobals) = postSolution
		SolutionGuid = {2C85F38B-7D90-452E-B15D-C1C38E0E1BC0}
	EndGlobalSection
EndGlobal
